
Microsoft Visual Studio Solution File, Format Version 12.00
# Visual Studio Version 17
VisualStudioVersion = 17.0.31903.59
MinimumVisualStudioVersion = 10.0.40219.1
Project("{FAE04EC0-301F-11D3-BF4B-00C04F79EFBC}") = "SharpAccess.Core", "src\SharpAccess.Core\SharpAccess.Core.csproj", "{11111111-AAAA-AAAA-AAAA-111111111111}"
EndProject
Project("{FAE04EC0-301F-11D3-BF4B-00C04F79EFBC}") = "SharpAccess.Sqlite", "providers\SharpAccess.Sqlite\SharpAccess.Sqlite.csproj", "{22222222-AAAA-AAAA-AAAA-222222222222}"
EndProject
Project("{FAE04EC0-301F-11D3-BF4B-00C04F79EFBC}") = "SharpAccess.Postgres", "providers\SharpAccess.Postgres\SharpAccess.Postgres.csproj", "{22222222-BBBB-BBBB-BBBB-222222222222}"
EndProject
Project("{FAE04EC0-301F-11D3-BF4B-00C04F79EFBC}") = "SharpAccess.SampleApi", "samples\SharpAccess.SampleApi\SharpAccess.SampleApi.csproj", "{33333333-AAAA-AAAA-AAAA-333333333333}"
EndProject
Project("{FAE04EC0-301F-11D3-BF4B-00C04F79EFBC}") = "SharpAccess.TestBootstrap", "tools\SharpAccess.TestBootstrap\SharpAccess.TestBootstrap.csproj", "{44444444-AAAA-AAAA-AAAA-444444444444}"
EndProject
Project("{FAE04EC0-301F-11D3-BF4B-00C04F79EFBC}") = "SharpAccess.MigrationTool", "tools\SharpAccess.MigrationTool\SharpAccess.MigrationTool.csproj", "{44444444-BBBB-BBBB-BBBB-444444444444}"
EndProject
Project("{FAE04EC0-301F-11D3-BF4B-00C04F79EFBC}") = "SharpAccess.UnitTests", "tests\SharpAccess.UnitTests\SharpAccess.UnitTests.csproj", "{55555555-AAAA-AAAA-AAAA-555555555555}"
EndProject
Project("{FAE04EC0-301F-11D3-BF4B-00C04F79EFBC}") = "SharpAccess.IntegrationTests", "tests\SharpAccess.IntegrationTests\SharpAccess.IntegrationTests.csproj", "{66666666-AAAA-AAAA-AAAA-666666666666}"
EndProject
Project("{FAE04EC0-301F-11D3-BF4B-00C04F79EFBC}") = "SharpAccess.EndpointTests", "tests\SharpAccess.EndpointTests\SharpAccess.EndpointTests.csproj", "{77777777-AAAA-AAAA-AAAA-777777777777}"
EndProject
Project("{FAE04EC0-301F-11D3-BF4B-00C04F79EFBC}") = "SharpAccess.ProviderContractTests", "tests\SharpAccess.ProviderContractTests\SharpAccess.ProviderContractTests.csproj", "{88888888-AAAA-AAAA-AAAA-888888888888}"
EndProject
Project("{FAE04EC0-301F-11D3-BF4B-00C04F79EFBC}") = "SharpAccess.PackageTests", "tests\SharpAccess.PackageTests\SharpAccess.PackageTests.csproj", "{99999999-AAAA-AAAA-AAAA-999999999999}"
EndProject
Project("{2150E333-8FDC-42A3-9474-1A3956D46DE8}") = "tools", "tools", "{07C2787E-EAC7-C090-1BA3-A61EC2A24D84}"
EndProject
Project("{FAE04EC0-301F-11D3-BF4B-00C04F79EFBC}") = "SharpAccess.Sbom", "tools\SharpAccess.Sbom\SharpAccess.Sbom.csproj", "{78752D13-C91A-48D7-99E6-40176B5A7472}"
EndProject
Project("{FAE04EC0-301F-11D3-BF4B-00C04F79EFBC}") = "SharpAccess.QualityReport", "tools\SharpAccess.QualityReport\SharpAccess.QualityReport.csproj", "{1A96AE69-D372-42A5-8BC0-F6EC1A7DA674}"
EndProject
Global
	GlobalSection(SolutionConfigurationPlatforms) = preSolution
		Debug|Any CPU = Debug|Any CPU
		Release|Any CPU = Release|Any CPU
	EndGlobalSection
	GlobalSection(ProjectConfigurationPlatforms) = postSolution
		{11111111-AAAA-AAAA-AAAA-111111111111}.Debug|Any CPU.ActiveCfg = Debug|Any CPU
		{11111111-AAAA-AAAA-AAAA-111111111111}.Debug|Any CPU.Build.0 = Debug|Any CPU
		{11111111-AAAA-AAAA-AAAA-111111111111}.Release|Any CPU.ActiveCfg = Release|Any CPU
		{11111111-AAAA-AAAA-AAAA-111111111111}.Release|Any CPU.Build.0 = Release|Any CPU
		{22222222-AAAA-AAAA-AAAA-222222222222}.Debug|Any CPU.ActiveCfg = Debug|Any CPU
		{22222222-AAAA-AAAA-AAAA-222222222222}.Debug|Any CPU.Build.0 = Debug|Any CPU
		{22222222-AAAA-AAAA-AAAA-222222222222}.Release|Any CPU.ActiveCfg = Release|Any CPU
		{22222222-AAAA-AAAA-AAAA-222222222222}.Release|Any CPU.Build.0 = Release|Any CPU
		{22222222-BBBB-BBBB-BBBB-222222222222}.Debug|Any CPU.ActiveCfg = Debug|Any CPU
		{22222222-BBBB-BBBB-BBBB-222222222222}.Debug|Any CPU.Build.0 = Debug|Any CPU
		{22222222-BBBB-BBBB-BBBB-222222222222}.Release|Any CPU.ActiveCfg = Release|Any CPU
		{22222222-BBBB-BBBB-BBBB-222222222222}.Release|Any CPU.Build.0 = Release|Any CPU
		{33333333-AAAA-AAAA-AAAA-333333333333}.Debug|Any CPU.ActiveCfg = Debug|Any CPU
		{33333333-AAAA-AAAA-AAAA-333333333333}.Debug|Any CPU.Build.0 = Debug|Any CPU
		{33333333-AAAA-AAAA-AAAA-333333333333}.Release|Any CPU.ActiveCfg = Release|Any CPU
		{33333333-AAAA-AAAA-AAAA-333333333333}.Release|Any CPU.Build.0 = Release|Any CPU
		{44444444-AAAA-AAAA-AAAA-444444444444}.Debug|Any CPU.ActiveCfg = Debug|Any CPU
		{44444444-AAAA-AAAA-AAAA-444444444444}.Debug|Any CPU.Build.0 = Debug|Any CPU
		{44444444-AAAA-AAAA-AAAA-444444444444}.Release|Any CPU.ActiveCfg = Release|Any CPU
		{44444444-AAAA-AAAA-AAAA-444444444444}.Release|Any CPU.Build.0 = Release|Any CPU
		{44444444-BBBB-BBBB-BBBB-444444444444}.Debug|Any CPU.ActiveCfg = Debug|Any CPU
		{44444444-BBBB-BBBB-BBBB-444444444444}.Debug|Any CPU.Build.0 = Debug|Any CPU
		{44444444-BBBB-BBBB-BBBB-444444444444}.Release|Any CPU.ActiveCfg = Release|Any CPU
		{44444444-BBBB-BBBB-BBBB-444444444444}.Release|Any CPU.Build.0 = Release|Any CPU
		{55555555-AAAA-AAAA-AAAA-555555555555}.Debug|Any CPU.ActiveCfg = Debug|Any CPU
		{55555555-AAAA-AAAA-AAAA-555555555555}.Debug|Any CPU.Build.0 = Debug|Any CPU
		{55555555-AAAA-AAAA-AAAA-555555555555}.Release|Any CPU.ActiveCfg = Release|Any CPU
		{55555555-AAAA-AAAA-AAAA-555555555555}.Release|Any CPU.Build.0 = Release|Any CPU
		{66666666-AAAA-AAAA-AAAA-666666666666}.Debug|Any CPU.ActiveCfg = Debug|Any CPU
		{66666666-AAAA-AAAA-AAAA-666666666666}.Debug|Any CPU.Build.0 = Debug|Any CPU
		{66666666-AAAA-AAAA-AAAA-666666666666}.Release|Any CPU.ActiveCfg = Release|Any CPU
		{66666666-AAAA-AAAA-AAAA-666666666666}.Release|Any CPU.Build.0 = Release|Any CPU
		{77777777-AAAA-AAAA-AAAA-777777777777}.Debug|Any CPU.ActiveCfg = Debug|Any CPU
		{77777777-AAAA-AAAA-AAAA-777777777777}.Debug|Any CPU.Build.0 = Debug|Any CPU
		{77777777-AAAA-AAAA-AAAA-777777777777}.Release|Any CPU.ActiveCfg = Release|Any CPU
		{77777777-AAAA-AAAA-AAAA-777777777777}.Release|Any CPU.Build.0 = Release|Any CPU
		{88888888-AAAA-AAAA-AAAA-888888888888}.Debug|Any CPU.ActiveCfg = Debug|Any CPU
		{88888888-AAAA-AAAA-AAAA-888888888888}.Debug|Any CPU.Build.0 = Debug|Any CPU
		{88888888-AAAA-AAAA-AAAA-888888888888}.Release|Any CPU.ActiveCfg = Release|Any CPU
		{88888888-AAAA-AAAA-AAAA-888888888888}.Release|Any CPU.Build.0 = Release|Any CPU
		{99999999-AAAA-AAAA-AAAA-999999999999}.Debug|Any CPU.ActiveCfg = Debug|Any CPU
		{99999999-AAAA-AAAA-AAAA-999999999999}.Debug|Any CPU.Build.0 = Debug|Any CPU
		{99999999-AAAA-AAAA-AAAA-999999999999}.Release|Any CPU.ActiveCfg = Release|Any CPU
		{99999999-AAAA-AAAA-AAAA-999999999999}.Release|Any CPU.Build.0 = Release|Any CPU
		{78752D13-C91A-48D7-99E6-40176B5A7472}.Debug|Any CPU.ActiveCfg = Debug|Any CPU
		{78752D13-C91A-48D7-99E6-40176B5A7472}.Debug|Any CPU.Build.0 = Debug|Any CPU
		{78752D13-C91A-48D7-99E6-40176B5A7472}.Release|Any CPU.ActiveCfg = Release|Any CPU
		{78752D13-C91A-48D7-99E6-40176B5A7472}.Release|Any CPU.Build.0 = Release|Any CPU
		{1A96AE69-D372-42A5-8BC0-F6EC1A7DA674}.Debug|Any CPU.ActiveCfg = Debug|Any CPU
		{1A96AE69-D372-42A5-8BC0-F6EC1A7DA674}.Debug|Any CPU.Build.0 = Debug|Any CPU
		{1A96AE69-D372-42A5-8BC0-F6EC1A7DA674}.Release|Any CPU.ActiveCfg = Release|Any CPU
		{1A96AE69-D372-42A5-8BC0-F6EC1A7DA674}.Release|Any CPU.Build.0 = Release|Any CPU
	EndGlobalSection
	GlobalSection(SolutionProperties) = preSolution
		HideSolutionNode = FALSE
	EndGlobalSection
	GlobalSection(NestedProjects) = preSolution
		{78752D13-C91A-48D7-99E6-40176B5A7472} = {07C2787E-EAC7-C090-1BA3-A61EC2A24D84}
		{1A96AE69-D372-42A5-8BC0-F6EC1A7DA674} = {07C2787E-EAC7-C090-1BA3-A61EC2A24D84}
		{44444444-BBBB-BBBB-BBBB-444444444444} = {07C2787E-EAC7-C090-1BA3-A61EC2A24D84}
	EndGlobalSection
EndGlobal
